{
  "requires": true,
  "lockfileVersion": 1,
  "dependencies": {
    "@types/marked": {
      "version": "0.7.3",
      "resolved": "https://registry.npmjs.org/@types/marked/-/marked-0.7.3.tgz",
      "integrity": "sha512-WXdEKuT3azHxLTThd5dwnpLt2Q9QiC8iKj09KZRtVqro3pX8hhY+GbD8FZOae6SBBEJ22yKJn3c7ejL0aucAcA==",
      "dev": true
    }
  }
}
