{
  "requires": true,
  "lockfileVersion": 1,
  "dependencies": {
    "@types/showdown": {
      "version": "1.9.3",
      "resolved": "https://registry.npmjs.org/@types/showdown/-/showdown-1.9.3.tgz",
      "integrity": "sha512-akvzSmrvY4J5d3tHzUUiQr0xpjd4Nb3uzWW6dtwzYJ+qW/KdWw5F8NLatnor5q/1LURHnzDA1ReEwCVqcatRnw==",
      "dev": true
    }
  }
}
