{
  "requires": true,
  "lockfileVersion": 1,
  "dependencies": {
    "@types/gtag.js": {
      "version": "0.0.3",
      "resolved": "https://registry.npmjs.org/@types/gtag.js/-/gtag.js-0.0.3.tgz",
      "integrity": "sha512-iRF/4Q3G1t0OTNMjK52tpGSQPgEsYzWQL1IdVXt9BywK6MUK3ypB7LaoEQa8sW9gPXENoU1xAyCxqJhMkB2rCA==",
      "dev": true
    },
    "@types/js-yaml": {
      "version": "3.12.3",
      "resolved": "https://registry.npmjs.org/@types/js-yaml/-/js-yaml-3.12.3.tgz",
      "integrity": "sha512-otRe77JNNWzoVGLKw8TCspKswRoQToys4tuL6XYVBFxjgeM0RUrx7m3jkaTdxILxeGry3zM8mGYkGXMeQ02guA==",
      "dev": true
    },
    "@types/showdown": {
      "version": "1.9.3",
      "resolved": "https://registry.npmjs.org/@types/showdown/-/showdown-1.9.3.tgz",
      "integrity": "sha512-akvzSmrvY4J5d3tHzUUiQr0xpjd4Nb3uzWW6dtwzYJ+qW/KdWw5F8NLatnor5q/1LURHnzDA1ReEwCVqcatRnw==",
      "dev": true
    }
  }
}
